// !$*UTF8*$!
{
	archiveVersion = 1;
	classes = {
	};
	objectVersion = 55;
	objects = {

/* Begin PBXBuildFile section */
		AB26ED35286A3D21000DD16A /* AppDelegate.swift in Sources */ = {isa = PBXBuildFile; fileRef = AB26ED34286A3D21000DD16A /* AppDelegate.swift */; };
		AB26ED37286A3D21000DD16A /* SceneDelegate.swift in Sources */ = {isa = PBXBuildFile; fileRef = AB26ED36286A3D21000DD16A /* SceneDelegate.swift */; };
		AB26ED3C286A3D21000DD16A /* Main.storyboard in Resources */ = {isa = PBXBuildFile; fileRef = AB26ED3A286A3D21000DD16A /* Main.storyboard */; };
		AB26ED3F286A3D21000DD16A /* to_do_list.xcdatamodeld in Sources */ = {isa = PBXBuildFile; fileRef = AB26ED3D286A3D21000DD16A /* to_do_list.xcdatamodeld */; };
		AB26ED41286A3D22000DD16A /* Assets.xcassets in Resources */ = {isa = PBXBuildFile; fileRef = AB26ED40286A3D22000DD16A /* Assets.xcassets */; };
		AB26ED44286A3D22000DD16A /* LaunchScreen.storyboard in Resources */ = {isa = PBXBuildFile; fileRef = AB26ED42286A3D22000DD16A /* LaunchScreen.storyboard */; };
		AB26ED4F286A3D22000DD16A /* to_do_listTests.swift in Sources */ = {isa = PBXBuildFile; fileRef = AB26ED4E286A3D22000DD16A /* to_do_listTests.swift */; };
		AB26ED59286A3D22000DD16A /* to_do_listUITests.swift in Sources */ = {isa = PBXBuildFile; fileRef = AB26ED58286A3D22000DD16A /* to_do_listUITests.swift */; };
		AB26ED5B286A3D22000DD16A /* to_do_listUITestsLaunchTests.swift in Sources */ = {isa = PBXBuildFile; fileRef = AB26ED5A286A3D22000DD16A /* to_do_listUITestsLaunchTests.swift */; };
		AB26ED68286A4231000DD16A /* TableViewController.swift in Sources */ = {isa = PBXBuildFile; fileRef = AB26ED67286A4231000DD16A /* TableViewController.swift */; };
		AB26ED6A286A42FA000DD16A /* ToDo.swift in Sources */ = {isa = PBXBuildFile; fileRef = AB26ED69286A42FA000DD16A /* ToDo.swift */; };
/* End PBXBuildFile section */

/* Begin PBXContainerItemProxy section */
		AB26ED4B286A3D22000DD16A /* PBXContainerItemProxy */ = {
			isa = PBXContainerItemProxy;
			containerPortal = AB26ED29286A3D21000DD16A /* Project object */;
			proxyType = 1;
			remoteGlobalIDString = AB26ED30286A3D21000DD16A;
			remoteInfo = "to do list";
		};
		AB26ED55286A3D22000DD16A /* PBXContainerItemProxy */ = {
			isa = PBXContainerItemProxy;
			containerPortal = AB26ED29286A3D21000DD16A /* Project object */;
			proxyType = 1;
			remoteGlobalIDString = AB26ED30286A3D21000DD16A;
			remoteInfo = "to do list";
		};
/* End PBXContainerItemProxy section */

/* Begin PBXFileReference section */
		AB26ED31286A3D21000DD16A /* to do list.app */ = {isa = PBXFileReference; explicitFileType = wrapper.application; includeInIndex = 0; path = "to do list.app"; sourceTree = BUILT_PRODUCTS_DIR; };
		AB26ED34286A3D21000DD16A /* AppDelegate.swift */ = {isa = PBXFileReference; lastKnownFileType = sourcecode.swift; path = AppDelegate.swift; sourceTree = "<group>"; };
		AB26ED36286A3D21000DD16A /* SceneDelegate.swift */ = {isa = PBXFileReference; lastKnownFileType = sourcecode.swift; path = SceneDelegate.swift; sourceTree = "<group>"; };
		AB26ED3B286A3D21000DD16A /* Base */ = {isa = PBXFileReference; lastKnownFileType = file.storyboard; name = Base; path = Base.lproj/Main.storyboard; sourceTree = "<group>"; };
		AB26ED3E286A3D21000DD16A /* to_do_list.xcdatamodel */ = {isa = PBXFileReference; lastKnownFileType = wrapper.xcdatamodel; path = to_do_list.xcdatamodel; sourceTree = "<group>"; };
		AB26ED40286A3D22000DD16A /* Assets.xcassets */ = {isa = PBXFileReference; lastKnownFileType = folder.assetcatalog; path = Assets.xcassets; sourceTree = "<group>"; };
		AB26ED43286A3D22000DD16A /* Base */ = {isa = PBXFileReference; lastKnownFileType = file.storyboard; name = Base; path = Base.lproj/LaunchScreen.storyboard; sourceTree = "<group>"; };
		AB26ED45286A3D22000DD16A /* Info.plist */ = {isa = PBXFileReference; lastKnownFileType = text.plist.xml; path = Info.plist; sourceTree = "<group>"; };
		AB26ED4A286A3D22000DD16A /* to do listTests.xctest */ = {isa = PBXFileReference; explicitFileType = wrapper.cfbundle; includeInIndex = 0; path = "to do listTests.xctest"; sourceTree = BUILT_PRODUCTS_DIR; };
		AB26ED4E286A3D22000DD16A /* to_do_listTests.swift */ = {isa = PBXFileReference; lastKnownFileType = sourcecode.swift; path = to_do_listTests.swift; sourceTree = "<group>"; };
		AB26ED54286A3D22000DD16A /* to do listUITests.xctest */ = {isa = PBXFileReference; explicitFileType = wrapper.cfbundle; includeInIndex = 0; path = "to do listUITests.xctest"; sourceTree = BUILT_PRODUCTS_DIR; };
		AB26ED58286A3D22000DD16A /* to_do_listUITests.swift */ = {isa = PBXFileReference; lastKnownFileType = sourcecode.swift; path = to_do_listUITests.swift; sourceTree = "<group>"; };
		AB26ED5A286A3D22000DD16A /* to_do_listUITestsLaunchTests.swift */ = {isa = PBXFileReference; lastKnownFileType = sourcecode.swift; path = to_do_listUITestsLaunchTests.swift; sourceTree = "<group>"; };
		AB26ED67286A4231000DD16A /* TableViewController.swift */ = {isa = PBXFileReference; lastKnownFileType = sourcecode.swift; path = TableViewController.swift; sourceTree = "<group>"; };
		AB26ED69286A42FA000DD16A /* ToDo.swift */ = {isa = PBXFileReference; lastKnownFileType = sourcecode.swift; path = ToDo.swift; sourceTree = "<group>"; };
/* End PBXFileReference section */

/* Begin PBXFrameworksBuildPhase section */
		AB26ED2E286A3D21000DD16A /* Frameworks */ = {
			isa = PBXFrameworksBuildPhase;
			buildActionMask = 2147483647;
			files = (
			);
			runOnlyForDeploymentPostprocessing = 0;
		};
		AB26ED47286A3D22000DD16A /* Frameworks */ = {
			isa = PBXFrameworksBuildPhase;
			buildActionMask = 2147483647;
			files = (
			);
			runOnlyForDeploymentPostprocessing = 0;
		};
		AB26ED51286A3D22000DD16A /* Frameworks */ = {
			isa = PBXFrameworksBuildPhase;
			buildActionMask = 2147483647;
			files = (
			);
			runOnlyForDeploymentPostprocessing = 0;
		};
/* End PBXFrameworksBuildPhase section */

/* Begin PBXGroup section */
		AB26ED28286A3D21000DD16A = {
			isa = PBXGroup;
			children = (
				AB26ED33286A3D21000DD16A /* to do list */,
				AB26ED4D286A3D22000DD16A /* to do listTests */,
				AB26ED57286A3D22000DD16A /* to do listUITests */,
				AB26ED32286A3D21000DD16A /* Products */,
			);
			sourceTree = "<group>";
		};
		AB26ED32286A3D21000DD16A /* Products */ = {
			isa = PBXGroup;
			children = (
				AB26ED31286A3D21000DD16A /* to do list.app */,
				AB26ED4A286A3D22000DD16A /* to do listTests.xctest */,
				AB26ED54286A3D22000DD16A /* to do listUITests.xctest */,
			);
			name = Products;
			sourceTree = "<group>";
		};
		AB26ED33286A3D21000DD16A /* to do list */ = {
			isa = PBXGroup;
			children = (
				AB26ED34286A3D21000DD16A /* AppDelegate.swift */,
				AB26ED36286A3D21000DD16A /* SceneDelegate.swift */,
				AB26ED3A286A3D21000DD16A /* Main.storyboard */,
				AB26ED69286A42FA000DD16A /* ToDo.swift */,
				AB26ED67286A4231000DD16A /* TableViewController.swift */,
				AB26ED40286A3D22000DD16A /* Assets.xcassets */,
				AB26ED42286A3D22000DD16A /* LaunchScreen.storyboard */,
				AB26ED45286A3D22000DD16A /* Info.plist */,
				AB26ED3D286A3D21000DD16A /* to_do_list.xcdatamodeld */,
			);
			path = "to do list";
			sourceTree = "<group>";
		};
		AB26ED4D286A3D22000DD16A /* to do listTests */ = {
			isa = PBXGroup;
			children = (
				AB26ED4E286A3D22000DD16A /* to_do_listTests.swift */,
			);
			path = "to do listTests";
			sourceTree = "<group>";
		};
		AB26ED57286A3D22000DD16A /* to do listUITests */ = {
			isa = PBXGroup;
			children = (
				AB26ED58286A3D22000DD16A /* to_do_listUITests.swift */,
				AB26ED5A286A3D22000DD16A /* to_do_listUITestsLaunchTests.swift */,
			);
			path = "to do listUITests";
			sourceTree = "<group>";
		};
/* End PBXGroup section */

/* Begin PBXNativeTarget section */
		AB26ED30286A3D21000DD16A /* to do list */ = {
			isa = PBXNativeTarget;
			buildConfigurationList = AB26ED5E286A3D22000DD16A /* Build configuration list for PBXNativeTarget "to do list" */;
			buildPhases = (
				AB26ED2D286A3D21000DD16A /* Sources */,
				AB26ED2E286A3D21000DD16A /* Frameworks */,
				AB26ED2F286A3D21000DD16A /* Resources */,
			);
			buildRules = (
			);
			dependencies = (
			);
			name = "to do list";
			productName = "to do list";
			productReference = AB26ED31286A3D21000DD16A /* to do list.app */;
			productType = "com.apple.product-type.application";
		};
		AB26ED49286A3D22000DD16A /* to do listTests */ = {
			isa = PBXNativeTarget;
			buildConfigurationList = AB26ED61286A3D22000DD16A /* Build configuration list for PBXNativeTarget "to do listTests" */;
			buildPhases = (
				AB26ED46286A3D22000DD16A /* Sources */,
				AB26ED47286A3D22000DD16A /* Frameworks */,
				AB26ED48286A3D22000DD16A /* Resources */,
			);
			buildRules = (
			);
			dependencies = (
				AB26ED4C286A3D22000DD16A /* PBXTargetDependency */,
			);
			name = "to do listTests";
			productName = "to do listTests";
			productReference = AB26ED4A286A3D22000DD16A /* to do listTests.xctest */;
			productType = "com.apple.product-type.bundle.unit-test";
		};
		AB26ED53286A3D22000DD16A /* to do listUITests */ = {
			isa = PBXNativeTarget;
			buildConfigurationList = AB26ED64286A3D22000DD16A /* Build configuration list for PBXNativeTarget "to do listUITests" */;
			buildPhases = (
				AB26ED50286A3D22000DD16A /* Sources */,
				AB26ED51286A3D22000DD16A /* Frameworks */,
				AB26ED52286A3D22000DD16A /* Resources */,
			);
			buildRules = (
			);
			dependencies = (
				AB26ED56286A3D22000DD16A /* PBXTargetDependency */,
			);
			name = "to do listUITests";
			productName = "to do listUITests";
			productReference = AB26ED54286A3D22000DD16A /* to do listUITests.xctest */;
			productType = "com.apple.product-type.bundle.ui-testing";
		};
/* End PBXNativeTarget section */

/* Begin PBXProject section */
		AB26ED29286A3D21000DD16A /* Project object */ = {
			isa = PBXProject;
			attributes = {
				BuildIndependentTargetsInParallel = 1;
				LastSwiftUpdateCheck = 1340;
				LastUpgradeCheck = 1340;
				TargetAttributes = {
					AB26ED30286A3D21000DD16A = {
						CreatedOnToolsVersion = 13.4;
					};
					AB26ED49286A3D22000DD16A = {
						CreatedOnToolsVersion = 13.4;
						TestTargetID = AB26ED30286A3D21000DD16A;
					};
					AB26ED53286A3D22000DD16A = {
						CreatedOnToolsVersion = 13.4;
						TestTargetID = AB26ED30286A3D21000DD16A;
					};
				};
			};
			buildConfigurationList = AB26ED2C286A3D21000DD16A /* Build configuration list for PBXProject "to do list" */;
			compatibilityVersion = "Xcode 13.0";
			developmentRegion = en;
			hasScannedForEncodings = 0;
			knownRegions = (
				en,
				Base,
			);
			mainGroup = AB26ED28286A3D21000DD16A;
			productRefGroup = AB26ED32286A3D21000DD16A /* Products */;
			projectDirPath = "";
			projectRoot = "";
			targets = (
				AB26ED30286A3D21000DD16A /* to do list */,
				AB26ED49286A3D22000DD16A /* to do listTests */,
				AB26ED53286A3D22000DD16A /* to do listUITests */,
			);
		};
/* End PBXProject section */

/* Begin PBXResourcesBuildPhase section */
		AB26ED2F286A3D21000DD16A /* Resources */ = {
			isa = PBXResourcesBuildPhase;
			buildActionMask = 2147483647;
			files = (
				AB26ED44286A3D22000DD16A /* LaunchScreen.storyboard in Resources */,
				AB26ED41286A3D22000DD16A /* Assets.xcassets in Resources */,
				AB26ED3C286A3D21000DD16A /* Main.storyboard in Resources */,
			);
			runOnlyForDeploymentPostprocessing = 0;
		};
		AB26ED48286A3D22000DD16A /* Resources */ = {
			isa = PBXResourcesBuildPhase;
			buildActionMask = 2147483647;
			files = (
			);
			runOnlyForDeploymentPostprocessing = 0;
		};
		AB26ED52286A3D22000DD16A /* Resources */ = {
			isa = PBXResourcesBuildPhase;
			buildActionMask = 2147483647;
			files = (
			);
			runOnlyForDeploymentPostprocessing = 0;
		};
/* End PBXResourcesBuildPhase section */

/* Begin PBXSourcesBuildPhase section */
		AB26ED2D286A3D21000DD16A /* Sources */ = {
			isa = PBXSourcesBuildPhase;
			buildActionMask = 2147483647;
			files = (
				AB26ED35286A3D21000DD16A /* AppDelegate.swift in Sources */,
				AB26ED6A286A42FA000DD16A /* ToDo.swift in Sources */,
				AB26ED37286A3D21000DD16A /* SceneDelegate.swift in Sources */,
				AB26ED3F286A3D21000DD16A /* to_do_list.xcdatamodeld in Sources */,
				AB26ED68286A4231000DD16A /* TableViewController.swift in Sources */,
			);
			runOnlyForDeploymentPostprocessing = 0;
		};
		AB26ED46286A3D22000DD16A /* Sources */ = {
			isa = PBXSourcesBuildPhase;
			buildActionMask = 2147483647;
			files = (
				AB26ED4F286A3D22000DD16A /* to_do_listTests.swift in Sources */,
			);
			runOnlyForDeploymentPostprocessing = 0;
		};
		AB26ED50286A3D22000DD16A /* Sources */ = {
			isa = PBXSourcesBuildPhase;
			buildActionMask = 2147483647;
			files = (
				AB26ED5B286A3D22000DD16A /* to_do_listUITestsLaunchTests.swift in Sources */,
				AB26ED59286A3D22000DD16A /* to_do_listUITests.swift in Sources */,
			);
			runOnlyForDeploymentPostprocessing = 0;
		};
/* End PBXSourcesBuildPhase section */

/* Begin PBXTargetDependency section */
		AB26ED4C286A3D22000DD16A /* PBXTargetDependency */ = {
			isa = PBXTargetDependency;
			target = AB26ED30286A3D21000DD16A /* to do list */;
			targetProxy = AB26ED4B286A3D22000DD16A /* PBXContainerItemProxy */;
		};
		AB26ED56286A3D22000DD16A /* PBXTargetDependency */ = {
			isa = PBXTargetDependency;
			target = AB26ED30286A3D21000DD16A /* to do list */;
			targetProxy = AB26ED55286A3D22000DD16A /* PBXContainerItemProxy */;
		};
/* End PBXTargetDependency section */

/* Begin PBXVariantGroup section */
		AB26ED3A286A3D21000DD16A /* Main.storyboard */ = {
			isa = PBXVariantGroup;
			children = (
				AB26ED3B286A3D21000DD16A /* Base */,
			);
			name = Main.storyboard;
			sourceTree = "<group>";
		};
		AB26ED42286A3D22000DD16A /* LaunchScreen.storyboard */ = {
			isa = PBXVariantGroup;
			children = (
				AB26ED43286A3D22000DD16A /* Base */,
			);
			name = LaunchScreen.storyboard;
			sourceTree = "<group>";
		};
/* End PBXVariantGroup section */

/* Begin XCBuildConfiguration section */
		AB26ED5C286A3D22000DD16A /* Debug */ = {
			isa = XCBuildConfiguration;
			buildSettings = {
				ALWAYS_SEARCH_USER_PATHS = NO;
				CLANG_ANALYZER_NONNULL = YES;
				CLANG_ANALYZER_NUMBER_OBJECT_CONVERSION = YES_AGGRESSIVE;
				CLANG_CXX_LANGUAGE_STANDARD = "gnu++17";
				CLANG_ENABLE_MODULES = YES;
				CLANG_ENABLE_OBJC_ARC = YES;
				CLANG_ENABLE_OBJC_WEAK = YES;
				CLANG_WARN_BLOCK_CAPTURE_AUTORELEASING = YES;
				CLANG_WARN_BOOL_CONVERSION = YES;
				CLANG_WARN_COMMA = YES;
				CLANG_WARN_CONSTANT_CONVERSION = YES;
				CLANG_WARN_DEPRECATED_OBJC_IMPLEMENTATIONS = YES;
				CLANG_WARN_DIRECT_OBJC_ISA_USAGE = YES_ERROR;
				CLANG_WARN_DOCUMENTATION_COMMENTS = YES;
				CLANG_WARN_EMPTY_BODY = YES;
				CLANG_WARN_ENUM_CONVERSION = YES;
				CLANG_WARN_INFINITE_RECURSION = YES;
				CLANG_WARN_INT_CONVERSION = YES;
				CLANG_WARN_NON_LITERAL_NULL_CONVERSION = YES;
				CLANG_WARN_OBJC_IMPLICIT_RETAIN_SELF = YES;
				CLANG_WARN_OBJC_LITERAL_CONVERSION = YES;
				CLANG_WARN_OBJC_ROOT_CLASS = YES_ERROR;
				CLANG_WARN_QUOTED_INCLUDE_IN_FRAMEWORK_HEADER = YES;
				CLANG_WARN_RANGE_LOOP_ANALYSIS = YES;
				CLANG_WARN_STRICT_PROTOTYPES = YES;
				CLANG_WARN_SUSPICIOUS_MOVE = YES;
				CLANG_WARN_UNGUARDED_AVAILABILITY = YES_AGGRESSIVE;
				CLANG_WARN_UNREACHABLE_CODE = YES;
				CLANG_WARN__DUPLICATE_METHOD_MATCH = YES;
				COPY_PHASE_STRIP = NO;
				DEBUG_INFORMATION_FORMAT = dwarf;
				ENABLE_STRICT_OBJC_MSGSEND = YES;
				ENABLE_TESTABILITY = YES;
				GCC_C_LANGUAGE_STANDARD = gnu11;
				GCC_DYNAMIC_NO_PIC = NO;
				GCC_NO_COMMON_BLOCKS = YES;
				GCC_OPTIMIZATION_LEVEL = 0;
				GCC_PREPROCESSOR_DEFINITIONS = (
					"DEBUG=1",
					"$(inherited)",
				);
				GCC_WARN_64_TO_32_BIT_CONVERSION = YES;
				GCC_WARN_ABOUT_RETURN_TYPE = YES_ERROR;
				GCC_WARN_UNDECLARED_SELECTOR = YES;
				GCC_WARN_UNINITIALIZED_AUTOS = YES_AGGRESSIVE;
				GCC_WARN_UNUSED_FUNCTION = YES;
				GCC_WARN_UNUSED_VARIABLE = YES;
				IPHONEOS_DEPLOYMENT_TARGET = 15.5;
				MTL_ENABLE_DEBUG_INFO = INCLUDE_SOURCE;
				MTL_FAST_MATH = YES;
				ONLY_ACTIVE_ARCH = YES;
				SDKROOT = iphoneos;
				SWIFT_ACTIVE_COMPILATION_CONDITIONS = DEBUG;
				SWIFT_OPTIMIZATION_LEVEL = "-Onone";
			};
			name = Debug;
		};
		AB26ED5D286A3D22000DD16A /* Release */ = {
			isa = XCBuildConfiguration;
			buildSettings = {
				ALWAYS_SEARCH_USER_PATHS = NO;
				CLANG_ANALYZER_NONNULL = YES;
				CLANG_ANALYZER_NUMBER_OBJECT_CONVERSION = YES_AGGRESSIVE;
				CLANG_CXX_LANGUAGE_STANDARD = "gnu++17";
				CLANG_ENABLE_MODULES = YES;
				CLANG_ENABLE_OBJC_ARC = YES;
				CLANG_ENABLE_OBJC_WEAK = YES;
				CLANG_WARN_BLOCK_CAPTURE_AUTORELEASING = YES;
				CLANG_WARN_BOOL_CONVERSION = YES;
				CLANG_WARN_COMMA = YES;
				CLANG_WARN_CONSTANT_CONVERSION = YES;
				CLANG_WARN_DEPRECATED_OBJC_IMPLEMENTATIONS = YES;
				CLANG_WARN_DIRECT_OBJC_ISA_USAGE = YES_ERROR;
				CLANG_WARN_DOCUMENTATION_COMMENTS = YES;
				CLANG_WARN_EMPTY_BODY = YES;
				CLANG_WARN_ENUM_CONVERSION = YES;
				CLANG_WARN_INFINITE_RECURSION = YES;
				CLANG_WARN_INT_CONVERSION = YES;
				CLANG_WARN_NON_LITERAL_NULL_CONVERSION = YES;
				CLANG_WARN_OBJC_IMPLICIT_RETAIN_SELF = YES;
				CLANG_WARN_OBJC_LITERAL_CONVERSION = YES;
				CLANG_WARN_OBJC_ROOT_CLASS = YES_ERROR;
				CLANG_WARN_QUOTED_INCLUDE_IN_FRAMEWORK_HEADER = YES;
				CLANG_WARN_RANGE_LOOP_ANALYSIS = YES;
				CLANG_WARN_STRICT_PROTOTYPES = YES;
				CLANG_WARN_SUSPICIOUS_MOVE = YES;
				CLANG_WARN_UNGUARDED_AVAILABILITY = YES_AGGRESSIVE;
				CLANG_WARN_UNREACHABLE_CODE = YES;
				CLANG_WARN__DUPLICATE_METHOD_MATCH = YES;
				COPY_PHASE_STRIP = NO;
				DEBUG_INFORMATION_FORMAT = "dwarf-with-dsym";
				ENABLE_NS_ASSERTIONS = NO;
				ENABLE_STRICT_OBJC_MSGSEND = YES;
				GCC_C_LANGUAGE_STANDARD = gnu11;
				GCC_NO_COMMON_BLOCKS = YES;
				GCC_WARN_64_TO_32_BIT_CONVERSION = YES;
				GCC_WARN_ABOUT_RETURN_TYPE = YES_ERROR;
				GCC_WARN_UNDECLARED_SELECTOR = YES;
				GCC_WARN_UNINITIALIZED_AUTOS = YES_AGGRESSIVE;
				GCC_WARN_UNUSED_FUNCTION = YES;
				GCC_WARN_UNUSED_VARIABLE = YES;
				IPHONEOS_DEPLOYMENT_TARGET = 15.5;
				MTL_ENABLE_DEBUG_INFO = NO;
				MTL_FAST_MATH = YES;
				SDKROOT = iphoneos;
				SWIFT_COMPILATION_MODE = wholemodule;
				SWIFT_OPTIMIZATION_LEVEL = "-O";
				VALIDATE_PRODUCT = YES;
			};
			name = Release;
		};
		AB26ED5F286A3D22000DD16A /* Debug */ = {
			isa = XCBuildConfiguration;
			buildSettings = {
				ASSETCATALOG_COMPILER_APPICON_NAME = AppIcon;
				ASSETCATALOG_COMPILER_GLOBAL_ACCENT_COLOR_NAME = AccentColor;
				CODE_SIGN_STYLE = Automatic;
				CURRENT_PROJECT_VERSION = 1;
				GENERATE_INFOPLIST_FILE = YES;
				INFOPLIST_FILE = "to do list/Info.plist";
				INFOPLIST_KEY_UIApplicationSupportsIndirectInputEvents = YES;
				INFOPLIST_KEY_UILaunchStoryboardName = LaunchScreen;
				INFOPLIST_KEY_UIMainStoryboardFile = Main;
				INFOPLIST_KEY_UISupportedInterfaceOrientations_iPad = "UIInterfaceOrientationPortrait UIInterfaceOrientationPortraitUpsideDown UIInterfaceOrientationLandscapeLeft UIInterfaceOrientationLandscapeRight";
				INFOPLIST_KEY_UISupportedInterfaceOrientations_iPhone = "UIInterfaceOrientationPortrait UIInterfaceOrientationLandscapeLeft UIInterfaceOrientationLandscapeRight";
				LD_RUNPATH_SEARCH_PATHS = (
					"$(inherited)",
					"@executable_path/Frameworks",
				);
				MARKETING_VERSION = 1.0;
				PRODUCT_BUNDLE_IDENTIFIER = "Kode-with-klossy.to-do-list";
				PRODUCT_NAME = "$(TARGET_NAME)";
				SWIFT_EMIT_LOC_STRINGS = YES;
				SWIFT_VERSION = 5.0;
				TARGETED_DEVICE_FAMILY = "1,2";
			};
			name = Debug;
		};
		AB26ED60286A3D22000DD16A /* Release */ = {
			isa = XCBuildConfiguration;
			buildSettings = {
				ASSETCATALOG_COMPILER_APPICON_NAME = AppIcon;
				ASSETCATALOG_COMPILER_GLOBAL_ACCENT_COLOR_NAME = AccentColor;
				CODE_SIGN_STYLE = Automatic;
				CURRENT_PROJECT_VERSION = 1;
				GENERATE_INFOPLIST_FILE = YES;
				INFOPLIST_FILE = "to do list/Info.plist";
				INFOPLIST_KEY_UIApplicationSupportsIndirectInputEvents = YES;
				INFOPLIST_KEY_UILaunchStoryboardName = LaunchScreen;
				INFOPLIST_KEY_UIMainStoryboardFile = Main;
				INFOPLIST_KEY_UISupportedInterfaceOrientations_iPad = "UIInterfaceOrientationPortrait UIInterfaceOrientationPortraitUpsideDown UIInterfaceOrientationLandscapeLeft UIInterfaceOrientationLandscapeRight";
				INFOPLIST_KEY_UISupportedInterfaceOrientations_iPhone = "UIInterfaceOrientationPortrait UIInterfaceOrientationLandscapeLeft UIInterfaceOrientationLandscapeRight";
				LD_RUNPATH_SEARCH_PATHS = (
					"$(inherited)",
					"@executable_path/Frameworks",
				);
				MARKETING_VERSION = 1.0;
				PRODUCT_BUNDLE_IDENTIFIER = "Kode-with-klossy.to-do-list";
				PRODUCT_NAME = "$(TARGET_NAME)";
				SWIFT_EMIT_LOC_STRINGS = YES;
				SWIFT_VERSION = 5.0;
				TARGETED_DEVICE_FAMILY = "1,2";
			};
			name = Release;
		};
		AB26ED62286A3D22000DD16A /* Debug */ = {
			isa = XCBuildConfiguration;
			buildSettings = {
				ALWAYS_EMBED_SWIFT_STANDARD_LIBRARIES = YES;
				BUNDLE_LOADER = "$(TEST_HOST)";
				CODE_SIGN_STYLE = Automatic;
				CURRENT_PROJECT_VERSION = 1;
				GENERATE_INFOPLIST_FILE = YES;
				IPHONEOS_DEPLOYMENT_TARGET = 15.5;
				MARKETING_VERSION = 1.0;
				PRODUCT_BUNDLE_IDENTIFIER = "Kode-with-klossy.to-do-listTests";
				PRODUCT_NAME = "$(TARGET_NAME)";
				SWIFT_EMIT_LOC_STRINGS = NO;
				SWIFT_VERSION = 5.0;
				TARGETED_DEVICE_FAMILY = "1,2";
				TEST_HOST = "$(BUILT_PRODUCTS_DIR)/to do list.app/to do list";
			};
			name = Debug;
		};
		AB26ED63286A3D22000DD16A /* Release */ = {
			isa = XCBuildConfiguration;
			buildSettings = {
				ALWAYS_EMBED_SWIFT_STANDARD_LIBRARIES = YES;
				BUNDLE_LOADER = "$(TEST_HOST)";
				CODE_SIGN_STYLE = Automatic;
				CURRENT_PROJECT_VERSION = 1;
				GENERATE_INFOPLIST_FILE = YES;
				IPHONEOS_DEPLOYMENT_TARGET = 15.5;
				MARKETING_VERSION = 1.0;
				PRODUCT_BUNDLE_IDENTIFIER = "Kode-with-klossy.to-do-listTests";
				PRODUCT_NAME = "$(TARGET_NAME)";
				SWIFT_EMIT_LOC_STRINGS = NO;
				SWIFT_VERSION = 5.0;
				TARGETED_DEVICE_FAMILY = "1,2";
				TEST_HOST = "$(BUILT_PRODUCTS_DIR)/to do list.app/to do list";
			};
			name = Release;
		};
		AB26ED65286A3D22000DD16A /* Debug */ = {
			isa = XCBuildConfiguration;
			buildSettings = {
				ALWAYS_EMBED_SWIFT_STANDARD_LIBRARIES = YES;
				CODE_SIGN_STYLE = Automatic;
				CURRENT_PROJECT_VERSION = 1;
				GENERATE_INFOPLIST_FILE = YES;
				MARKETING_VERSION = 1.0;
				PRODUCT_BUNDLE_IDENTIFIER = "Kode-with-klossy.to-do-listUITests";
				PRODUCT_NAME = "$(TARGET_NAME)";
				SWIFT_EMIT_LOC_STRINGS = NO;
				SWIFT_VERSION = 5.0;
				TARGETED_DEVICE_FAMILY = "1,2";
				TEST_TARGET_NAME = "to do list";
			};
			name = Debug;
		};
		AB26ED66286A3D22000DD16A /* Release */ = {
			isa = XCBuildConfiguration;
			buildSettings = {
				ALWAYS_EMBED_SWIFT_STANDARD_LIBRARIES = YES;
				CODE_SIGN_STYLE = Automatic;
				CURRENT_PROJECT_VERSION = 1;
				GENERATE_INFOPLIST_FILE = YES;
				MARKETING_VERSION = 1.0;
				PRODUCT_BUNDLE_IDENTIFIER = "Kode-with-klossy.to-do-listUITests";
				PRODUCT_NAME = "$(TARGET_NAME)";
				SWIFT_EMIT_LOC_STRINGS = NO;
				SWIFT_VERSION = 5.0;
				TARGETED_DEVICE_FAMILY = "1,2";
				TEST_TARGET_NAME = "to do list";
			};
			name = Release;
		};
/* End XCBuildConfiguration section */

/* Begin XCConfigurationList section */
		AB26ED2C286A3D21000DD16A /* Build configuration list for PBXProject "to do list" */ = {
			isa = XCConfigurationList;
			buildConfigurations = (
				AB26ED5C286A3D22000DD16A /* Debug */,
				AB26ED5D286A3D22000DD16A /* Release */,
			);
			defaultConfigurationIsVisible = 0;
			defaultConfigurationName = Release;
		};
		AB26ED5E286A3D22000DD16A /* Build configuration list for PBXNativeTarget "to do list" */ = {
			isa = XCConfigurationList;
			buildConfigurations = (
				AB26ED5F286A3D22000DD16A /* Debug */,
				AB26ED60286A3D22000DD16A /* Release */,
			);
			defaultConfigurationIsVisible = 0;
			defaultConfigurationName = Release;
		};
		AB26ED61286A3D22000DD16A /* Build configuration list for PBXNativeTarget "to do listTests" */ = {
			isa = XCConfigurationList;
			buildConfigurations = (
				AB26ED62286A3D22000DD16A /* Debug */,
				AB26ED63286A3D22000DD16A /* Release */,
			);
			defaultConfigurationIsVisible = 0;
			defaultConfigurationName = Release;
		};
		AB26ED64286A3D22000DD16A /* Build configuration list for PBXNativeTarget "to do listUITests" */ = {
			isa = XCConfigurationList;
			buildConfigurations = (
				AB26ED65286A3D22000DD16A /* Debug */,
				AB26ED66286A3D22000DD16A /* Release */,
			);
			defaultConfigurationIsVisible = 0;
			defaultConfigurationName = Release;
		};
/* End XCConfigurationList section */

/* Begin XCVersionGroup section */
		AB26ED3D286A3D21000DD16A /* to_do_list.xcdatamodeld */ = {
			isa = XCVersionGroup;
			children = (
				AB26ED3E286A3D21000DD16A /* to_do_list.xcdatamodel */,
			);
			currentVersion = AB26ED3E286A3D21000DD16A /* to_do_list.xcdatamodel */;
			path = to_do_list.xcdatamodeld;
			sourceTree = "<group>";
			versionGroupType = wrapper.xcdatamodel;
		};
/* End XCVersionGroup section */
	};
	rootObject = AB26ED29286A3D21000DD16A /* Project object */;
}
